{
  "name": "newsapi",
  "lockfileVersion": 2,
  "requires": true,
  "packages": {
    "": {
      "dependencies": {
        "random-jokes-api": "^1.5.9"
      }
    },
    "node_modules/random-jokes-api": {
      "version": "1.5.9",
      "resolved": "https://registry.npmjs.org/random-jokes-api/-/random-jokes-api-1.5.9.tgz",
      "integrity": "sha512-xFOhPKlJCjNAmaGePxn6/PxDMC8v3C0/N6DimlWnPLkLv0X3VuBmiSTdOlE/I8Ch63x9UtaEqq+HnRMZMEEuUg=="
    }
  },
  "dependencies": {
    "random-jokes-api": {
      "version": "1.5.9",
      "resolved": "https://registry.npmjs.org/random-jokes-api/-/random-jokes-api-1.5.9.tgz",
      "integrity": "sha512-xFOhPKlJCjNAmaGePxn6/PxDMC8v3C0/N6DimlWnPLkLv0X3VuBmiSTdOlE/I8Ch63x9UtaEqq+HnRMZMEEuUg=="
    }
  }
}
